
Microsoft Visual Studio Solution File, Format Version 12.00
# Visual Studio Version 17
VisualStudioVersion = 17.14.37012.4 d17.14
MinimumVisualStudioVersion = 10.0.40219.1
Project("{FAE04EC0-301F-11D3-BF4B-00C04F79EFBC}") = "Composicao_EX02", "Composicao_EX02\Composicao_EX02.csproj", "{5DFBE3E9-C7EA-41C6-A802-5675C9A7343B}"
EndProject
Global
	GlobalSection(SolutionConfigurationPlatforms) = preSolution
		Debug|Any CPU = Debug|Any CPU
		Release|Any CPU = Release|Any CPU
	EndGlobalSection
	GlobalSection(ProjectConfigurationPlatforms) = postSolution
		{5DFBE3E9-C7EA-41C6-A802-5675C9A7343B}.Debug|Any CPU.ActiveCfg = Debug|Any CPU
		{5DFBE3E9-C7EA-41C6-A802-5675C9A7343B}.Debug|Any CPU.Build.0 = Debug|Any CPU
		{5DFBE3E9-C7EA-41C6-A802-5675C9A7343B}.Release|Any CPU.ActiveCfg = Release|Any CPU
		{5DFBE3E9-C7EA-41C6-A802-5675C9A7343B}.Release|Any CPU.Build.0 = Release|Any CPU
	EndGlobalSection
	GlobalSection(SolutionProperties) = preSolution
		HideSolutionNode = FALSE
	EndGlobalSection
	GlobalSection(ExtensibilityGlobals) = postSolution
		SolutionGuid = {94B04193-6350-400C-9A1B-846A86E37D68}
	EndGlobalSection
EndGlobal
