
Microsoft Visual Studio Solution File, Format Version 12.00
# Visual Studio Version 17
VisualStudioVersion = 17.14.37411.7 d17.14
MinimumVisualStudioVersion = 10.0.40219.1
Project("{FAE04EC0-301F-11D3-BF4B-00C04F79EFBC}") = "Urna_e_Eleicao", "Urna_e_Eleicao\Urna_e_Eleicao.csproj", "{56D3E9EC-C576-4232-B88F-1167CEDE3EB7}"
EndProject
Global
	GlobalSection(SolutionConfigurationPlatforms) = preSolution
		Debug|Any CPU = Debug|Any CPU
		Release|Any CPU = Release|Any CPU
	EndGlobalSection
	GlobalSection(ProjectConfigurationPlatforms) = postSolution
		{56D3E9EC-C576-4232-B88F-1167CEDE3EB7}.Debug|Any CPU.ActiveCfg = Debug|Any CPU
		{56D3E9EC-C576-4232-B88F-1167CEDE3EB7}.Debug|Any CPU.Build.0 = Debug|Any CPU
		{56D3E9EC-C576-4232-B88F-1167CEDE3EB7}.Release|Any CPU.ActiveCfg = Release|Any CPU
		{56D3E9EC-C576-4232-B88F-1167CEDE3EB7}.Release|Any CPU.Build.0 = Release|Any CPU
	EndGlobalSection
	GlobalSection(SolutionProperties) = preSolution
		HideSolutionNode = FALSE
	EndGlobalSection
	GlobalSection(ExtensibilityGlobals) = postSolution
		SolutionGuid = {8B77ED02-F565-4383-8028-F92C5D403A63}
	EndGlobalSection
EndGlobal
